
Microsoft Visual Studio Solution File, Format Version 12.00
# Visual Studio 15
VisualStudioVersion = 15.0.27428.2037
MinimumVisualStudioVersion = 10.0.40219.1
Project("{FAE04EC0-301F-11D3-BF4B-00C04F79EFBC}") = "SorvyAop", "SorvyAop\SorvyAop.csproj", "{055CB637-579B-4CD6-B380-FA40F88707FE}"
EndProject
Project("{FAE04EC0-301F-11D3-BF4B-00C04F79EFBC}") = "TaskTest", "TaskTest\TaskTest.csproj", "{0D0EBE6E-3F44-4B1D-B727-C047BCCB607B}"
EndProject
Global
	GlobalSection(SolutionConfigurationPlatforms) = preSolution
		Debug|Any CPU = Debug|Any CPU
		Release|Any CPU = Release|Any CPU
	EndGlobalSection
	GlobalSection(ProjectConfigurationPlatforms) = postSolution
		{055CB637-579B-4CD6-B380-FA40F88707FE}.Debug|Any CPU.ActiveCfg = Debug|Any CPU
		{055CB637-579B-4CD6-B380-FA40F88707FE}.Debug|Any CPU.Build.0 = Debug|Any CPU
		{055CB637-579B-4CD6-B380-FA40F88707FE}.Release|Any CPU.ActiveCfg = Release|Any CPU
		{055CB637-579B-4CD6-B380-FA40F88707FE}.Release|Any CPU.Build.0 = Release|Any CPU
		{0D0EBE6E-3F44-4B1D-B727-C047BCCB607B}.Debug|Any CPU.ActiveCfg = Debug|Any CPU
		{0D0EBE6E-3F44-4B1D-B727-C047BCCB607B}.Debug|Any CPU.Build.0 = Debug|Any CPU
		{0D0EBE6E-3F44-4B1D-B727-C047BCCB607B}.Release|Any CPU.ActiveCfg = Release|Any CPU
		{0D0EBE6E-3F44-4B1D-B727-C047BCCB607B}.Release|Any CPU.Build.0 = Release|Any CPU
	EndGlobalSection
	GlobalSection(SolutionProperties) = preSolution
		HideSolutionNode = FALSE
	EndGlobalSection
	GlobalSection(ExtensibilityGlobals) = postSolution
		SolutionGuid = {0B648F08-5236-4681-8F64-B5546CAE8E63}
	EndGlobalSection
EndGlobal
